{
  "name": "databank-mongodb",
  "version": "1.0.1",
  "lockfileVersion": 1,
  "requires": true,
  "dependencies": {
    "bson": {
      "version": "1.0.6",
      "resolved": "https://registry.npmjs.org/bson/-/bson-1.0.6.tgz",
      "integrity": "sha512-D8zmlb46xfuK2gGvKmUjIklQEouN2nQ0LEHHeZ/NoHM2LDiMk2EYzZ5Ntw/Urk+bgMDosOZxaRzXxvhI5TcAVQ=="
    },
    "databank": {
      "version": "1.0.6",
      "resolved": "https://registry.npmjs.org/databank/-/databank-1.0.6.tgz",
      "integrity": "sha512-49QorpBo+KFpBsBDskg5rz/n3Shf9YnK2/SV4eu5BACtotphNPYQAidiUKkemAvCvOCgLkNLWqQdXYnpSjijlw==",
      "requires": {
        "databank-caching": "^1.0.4",
        "databank-partitioning": "^1.0.3",
        "databank-test": "^1.0.4",
        "setimmediate": "^1.0.5",
        "step": "^1.0.0"
      }
    },
    "databank-caching": {
      "version": "1.0.4",
      "resolved": "https://registry.npmjs.org/databank-caching/-/databank-caching-1.0.4.tgz",
      "integrity": "sha512-qZI9Ye73xyCS9tZHYmPUqAZzdIvKRzt8p6X7YZCJ8VBkSRbYC9PTiME0/V+dqR7Uznky2ZotzJbZY0RkcGa4vQ==",
      "requires": {
        "databank": "^1.0.5",
        "databank-test": "^1.0.4",
        "setimmediate": "^1.0.5",
        "step": "^1.0.0"
      }
    },
    "databank-partitioning": {
      "version": "1.0.3",
      "resolved": "https://registry.npmjs.org/databank-partitioning/-/databank-partitioning-1.0.3.tgz",
      "integrity": "sha512-aWH5PeFMIjnV8LYqKN33spKqVRmhowu1L5CkRVfA9QJio5qo1OXfnA/UDYwA91I+KOSGCl+tEX9H6LGUrNcHJQ==",
      "requires": {
        "databank": "^1.0.2",
        "databank-test": "^1.0.4",
        "setimmediate": "^1.0.5",
        "step": "^1.0.0"
      }
    },
    "databank-test": {
      "version": "1.0.4",
      "resolved": "https://registry.npmjs.org/databank-test/-/databank-test-1.0.4.tgz",
      "integrity": "sha512-vGS5uwv/cCtHFKV4rNT1H9A+ibGvLzzwY0fvpyX+e99ergPGouEAuGOOm1KlnUIu/fgPLJWzGQXcVsTqhGrkuQ==",
      "requires": {
        "databank": "^1.0.1",
        "setimmediate": "^1.0.5",
        "step": "^1.0.0"
      }
    },
    "debug": {
      "version": "2.6.9",
      "resolved": "https://registry.npmjs.org/debug/-/debug-2.6.9.tgz",
      "integrity": "sha512-bC7ElrdJaJnPbAP+1EotYvqZsb3ecl5wi6Bfi6BJTUcNowp6cvspg0jXznRTKDjm/E7AdgFBVeAPVMNcKGsHMA==",
      "requires": {
        "ms": "2.0.0"
      }
    },
    "diff": {
      "version": "1.0.8",
      "resolved": "https://registry.npmjs.org/diff/-/diff-1.0.8.tgz",
      "integrity": "sha1-NDJ2MI7Jkbe8giZ+1VvBQR+XFmY=",
      "dev": true
    },
    "eyes": {
      "version": "0.1.8",
      "resolved": "https://registry.npmjs.org/eyes/-/eyes-0.1.8.tgz",
      "integrity": "sha1-Ys8SAjTGg3hdkCNIqADvPgzCC8A=",
      "dev": true
    },
    "glob": {
      "version": "4.0.6",
      "resolved": "https://registry.npmjs.org/glob/-/glob-4.0.6.tgz",
      "integrity": "sha1-aVxQvdTi+1xdNwsJHziNNwfikac=",
      "dev": true,
      "requires": {
        "graceful-fs": "^3.0.2",
        "inherits": "2",
        "minimatch": "^1.0.0",
        "once": "^1.3.0"
      }
    },
    "graceful-fs": {
      "version": "3.0.11",
      "resolved": "https://registry.npmjs.org/graceful-fs/-/graceful-fs-3.0.11.tgz",
      "integrity": "sha1-dhPHeKGv6mLyXGMKCG1/Osu92Bg=",
      "dev": true,
      "requires": {
        "natives": "^1.1.0"
      }
    },
    "inherits": {
      "version": "2.0.3",
      "resolved": "https://registry.npmjs.org/inherits/-/inherits-2.0.3.tgz",
      "integrity": "sha1-Yzwsg+PaQqUC9SRmAiSA9CCCYd4=",
      "dev": true
    },
    "lru-cache": {
      "version": "2.7.3",
      "resolved": "https://registry.npmjs.org/lru-cache/-/lru-cache-2.7.3.tgz",
      "integrity": "sha1-bUUk6LlV+V1PW1iFHOId1y+06VI=",
      "dev": true
    },
    "minimatch": {
      "version": "1.0.0",
      "resolved": "https://registry.npmjs.org/minimatch/-/minimatch-1.0.0.tgz",
      "integrity": "sha1-4N0hILSeG3JM6NcUxSCCKpQ4V20=",
      "dev": true,
      "requires": {
        "lru-cache": "2",
        "sigmund": "~1.0.0"
      }
    },
    "mongodb": {
      "version": "3.1.0-beta4",
      "resolved": "https://registry.npmjs.org/mongodb/-/mongodb-3.1.0-beta4.tgz",
      "integrity": "sha512-nJAK59fFlMWTdEJaTyGp3HeerkIahnupoMNjbszPJVnO63/36aFnlWHqpYrrJwj9GKlmb47YWBIvNo6fdrUL4Q==",
      "requires": {
        "mongodb-core": "3.1.0-beta4"
      }
    },
    "mongodb-core": {
      "version": "3.1.0-beta4",
      "resolved": "https://registry.npmjs.org/mongodb-core/-/mongodb-core-3.1.0-beta4.tgz",
      "integrity": "sha512-aiwUKBGmFZwBx4CdC1iK5kjZyk0zhDxQ0edRtpTZUkk1jyWkdzYd6GEA6wMl7O6ZX/dOiFM2ujkrUR7+vkqJPw==",
      "requires": {
        "bson": "~1.0.4",
        "require_optional": "^1.0.1",
        "saslprep": "^1.0.0"
      }
    },
    "ms": {
      "version": "2.0.0",
      "resolved": "https://registry.npmjs.org/ms/-/ms-2.0.0.tgz",
      "integrity": "sha1-VgiurfwAvmwpAd9fmGF4jeDVl8g="
    },
    "natives": {
      "version": "1.1.3",
      "resolved": "https://registry.npmjs.org/natives/-/natives-1.1.3.tgz",
      "integrity": "sha512-BZGSYV4YOLxzoTK73l0/s/0sH9l8SHs2ocReMH1f8JYSh5FUWu4ZrKCpJdRkWXV6HFR/pZDz7bwWOVAY07q77g==",
      "dev": true
    },
    "once": {
      "version": "1.4.0",
      "resolved": "https://registry.npmjs.org/once/-/once-1.4.0.tgz",
      "integrity": "sha1-WDsap3WWHUsROsF9nFC6753Xa9E=",
      "dev": true,
      "requires": {
        "wrappy": "1"
      }
    },
    "require_optional": {
      "version": "1.0.1",
      "resolved": "https://registry.npmjs.org/require_optional/-/require_optional-1.0.1.tgz",
      "integrity": "sha512-qhM/y57enGWHAe3v/NcwML6a3/vfESLe/sGM2dII+gEO0BpKRUkWZow/tyloNqJyN6kXSl3RyyM8Ll5D/sJP8g==",
      "requires": {
        "resolve-from": "^2.0.0",
        "semver": "^5.1.0"
      }
    },
    "resolve-from": {
      "version": "2.0.0",
      "resolved": "https://registry.npmjs.org/resolve-from/-/resolve-from-2.0.0.tgz",
      "integrity": "sha1-lICrIOlP+h2egKgEx+oUdhGWa1c="
    },
    "saslprep": {
      "version": "1.0.0",
      "resolved": "https://registry.npmjs.org/saslprep/-/saslprep-1.0.0.tgz",
      "integrity": "sha512-5lvKUEQ7lAN5/vPl5d3k8FQeDbEamu9kizfATfLLWV5h6Mkh1xcieR1FSsJkcSRUk49lF2tAW8gzXWVwtwZVhw==",
      "optional": true
    },
    "semver": {
      "version": "5.5.0",
      "resolved": "https://registry.npmjs.org/semver/-/semver-5.5.0.tgz",
      "integrity": "sha512-4SJ3dm0WAwWy/NVeioZh5AntkdJoWKxHxcmyP622fOkgHa4z3R0TdBJICINyaSDE6uNwVc8gZr+ZinwZAH4xIA=="
    },
    "setimmediate": {
      "version": "1.0.5",
      "resolved": "https://registry.npmjs.org/setimmediate/-/setimmediate-1.0.5.tgz",
      "integrity": "sha1-KQy7Iy4waULX1+qbg3Mqt4VvgoU="
    },
    "sigmund": {
      "version": "1.0.1",
      "resolved": "https://registry.npmjs.org/sigmund/-/sigmund-1.0.1.tgz",
      "integrity": "sha1-P/IfGYytIXX587eBhT/ZTQ0ZtZA=",
      "dev": true
    },
    "step": {
      "version": "1.0.0",
      "resolved": "https://registry.npmjs.org/step/-/step-1.0.0.tgz",
      "integrity": "sha1-swDp0q6QV9TXhjOq4jA4E6lL3/I="
    },
    "underscore": {
      "version": "1.8.3",
      "resolved": "https://registry.npmjs.org/underscore/-/underscore-1.8.3.tgz",
      "integrity": "sha1-Tz+1OxBuYJf8+ctBCfKl6b36UCI="
    },
    "vows": {
      "version": "0.8.1",
      "resolved": "https://registry.npmjs.org/vows/-/vows-0.8.1.tgz",
      "integrity": "sha1-4J6YjOWUygWgjXKrzKNOiNtVkTE=",
      "dev": true,
      "requires": {
        "diff": "~1.0.8",
        "eyes": "~0.1.6",
        "glob": "~4.0.6"
      }
    },
    "wrappy": {
      "version": "1.0.2",
      "resolved": "https://registry.npmjs.org/wrappy/-/wrappy-1.0.2.tgz",
      "integrity": "sha1-tSQ9jz7BqjXxNkYFvA0QNuMKtp8=",
      "dev": true
    }
  }
}
